
Microsoft Visual Studio Solution File, Format Version 12.00
# Visual Studio Version 17
VisualStudioVersion = 17.14.36717.8
MinimumVisualStudioVersion = 10.0.40219.1
Project("{8BC9CEB8-8B4A-11D0-8D11-00A0C91BC942}") = "Mathematics", "Core\Mathematics\Mathematics.vcxproj", "{5B3C4942-8AEB-4612-8906-C3A7DD4F3F36}"
EndProject
Project("{2150E333-8FDC-42A3-9474-1A3956D46DE8}") = "Common", "Common", "{02EA681E-C7D8-13C7-8484-4AC65E1B71E8}"
	ProjectSection(SolutionItems) = preProject
		Core\Common\Simd.hpp = Core\Common\Simd.hpp
		Core\Common\Strings.hpp = Core\Common\Strings.hpp
		Core\Common\Tuples.hpp = Core\Common\Tuples.hpp
	EndProjectSection
EndProject
Project("{2150E333-8FDC-42A3-9474-1A3956D46DE8}") = "Core", "Core", "{81B81A2A-3D56-4DFA-A357-FBB324D319F0}"
EndProject
Global
	GlobalSection(SolutionConfigurationPlatforms) = preSolution
		Debug|ARM64 = Debug|ARM64
		Debug|x64 = Debug|x64
		Release|ARM64 = Release|ARM64
		Release|x64 = Release|x64
	EndGlobalSection
	GlobalSection(ProjectConfigurationPlatforms) = postSolution
		{5B3C4942-8AEB-4612-8906-C3A7DD4F3F36}.Debug|ARM64.ActiveCfg = Debug|ARM64
		{5B3C4942-8AEB-4612-8906-C3A7DD4F3F36}.Debug|ARM64.Build.0 = Debug|ARM64
		{5B3C4942-8AEB-4612-8906-C3A7DD4F3F36}.Debug|x64.ActiveCfg = Debug|x64
		{5B3C4942-8AEB-4612-8906-C3A7DD4F3F36}.Debug|x64.Build.0 = Debug|x64
		{5B3C4942-8AEB-4612-8906-C3A7DD4F3F36}.Release|ARM64.ActiveCfg = Release|ARM64
		{5B3C4942-8AEB-4612-8906-C3A7DD4F3F36}.Release|ARM64.Build.0 = Release|ARM64
		{5B3C4942-8AEB-4612-8906-C3A7DD4F3F36}.Release|x64.ActiveCfg = Release|x64
		{5B3C4942-8AEB-4612-8906-C3A7DD4F3F36}.Release|x64.Build.0 = Release|x64
	EndGlobalSection
	GlobalSection(SolutionProperties) = preSolution
		HideSolutionNode = FALSE
	EndGlobalSection
	GlobalSection(NestedProjects) = preSolution
		{5B3C4942-8AEB-4612-8906-C3A7DD4F3F36} = {81B81A2A-3D56-4DFA-A357-FBB324D319F0}
		{02EA681E-C7D8-13C7-8484-4AC65E1B71E8} = {81B81A2A-3D56-4DFA-A357-FBB324D319F0}
	EndGlobalSection
	GlobalSection(ExtensibilityGlobals) = postSolution
		SolutionGuid = {D6ECD0FC-F61B-4893-8157-CAE31C590939}
	EndGlobalSection
EndGlobal
