<?xml version="1.0" encoding="utf-8"?>
<Project ToolsVersion="4.0" xmlns="http://schemas.microsoft.com/developer/msbuild/2003">
  <ItemGroup>
    <ClInclude Include="Strings.hpp" />
    <ClInclude Include="Tuples\Tuple2.hpp">
      <Filter>Tuples</Filter>
    </ClInclude>
    <ClInclude Include="Tuples\Tuple3.hpp">
      <Filter>Tuples</Filter>
    </ClInclude>
    <ClInclude Include="Tuples\Tuple4.hpp">
      <Filter>Tuples</Filter>
    </ClInclude>
    <ClInclude Include="Tuples\Tuples.hpp">
      <Filter>Tuples</Filter>
    </ClInclude>
    <ClInclude Include="Simd\AvxIntrinsics.hpp">
      <Filter>Simd</Filter>
    </ClInclude>
    <ClInclude Include="Simd\Float4.hpp">
      <Filter>Simd</Filter>
    </ClInclude>
    <ClInclude Include="Simd\Intrinsics.hpp">
      <Filter>Simd</Filter>
    </ClInclude>
    <ClInclude Include="Simd\Simd.hpp">
      <Filter>Simd</Filter>
    </ClInclude>
    <ClInclude Include="Simd\SseIntrinsics.hpp">
      <Filter>Simd</Filter>
    </ClInclude>
    <ClInclude Include="NameString.hpp" />
    <ClInclude Include="PathString.hpp" />
  </ItemGroup>
  <ItemGroup>
    <Filter Include="Simd">
      <UniqueIdentifier>{3ef9b2ac-592b-483c-b3a3-90973a516611}</UniqueIdentifier>
    </Filter>
    <Filter Include="Tuples">
      <UniqueIdentifier>{b763acdd-b33b-4848-8292-118dfcd3ed36}</UniqueIdentifier>
    </Filter>
    <Filter Include="half">
      <UniqueIdentifier>{340ac710-3d06-4e60-bf33-a8e20bd0d48a}</UniqueIdentifier>
    </Filter>
    <Filter Include="sigslot">
      <UniqueIdentifier>{69f371e2-fc0a-484d-809d-a3ba6f71344b}</UniqueIdentifier>
    </Filter>
    <Filter Include="cereal">
      <UniqueIdentifier>{38b167e0-ebab-4c5e-8546-4228ed22c236}</UniqueIdentifier>
    </Filter>
    <Filter Include="intrusive_shared_ptr">
      <UniqueIdentifier>{5bbeb48d-043e-42c7-94e8-9254ac244f86}</UniqueIdentifier>
    </Filter>
  </ItemGroup>
</Project>