<?xml version="1.0" encoding="utf-8"?>
<Project ToolsVersion="4.0" xmlns="http://schemas.microsoft.com/developer/msbuild/2003">
  <ItemGroup>
    <ClInclude Include="Strings.hpp" />
    <ClInclude Include="NameString.hpp" />
    <ClInclude Include="PathString.hpp" />
    <ClInclude Include="sigslot\signal.hpp">
      <Filter>sigslot</Filter>
    </ClInclude>
    <ClInclude Include="intrusive_shared_ptr\apple_cf_ptr.h">
      <Filter>intrusive_shared_ptr</Filter>
    </ClInclude>
    <ClInclude Include="intrusive_shared_ptr\com_ptr.h">
      <Filter>intrusive_shared_ptr</Filter>
    </ClInclude>
    <ClInclude Include="intrusive_shared_ptr\common.h">
      <Filter>intrusive_shared_ptr</Filter>
    </ClInclude>
    <ClInclude Include="intrusive_shared_ptr\intrusive_shared_ptr.h">
      <Filter>intrusive_shared_ptr</Filter>
    </ClInclude>
    <ClInclude Include="intrusive_shared_ptr\python_ptr.h">
      <Filter>intrusive_shared_ptr</Filter>
    </ClInclude>
    <ClInclude Include="intrusive_shared_ptr\ref_counted.h">
      <Filter>intrusive_shared_ptr</Filter>
    </ClInclude>
    <ClInclude Include="intrusive_shared_ptr\refcnt_ptr.h">
      <Filter>intrusive_shared_ptr</Filter>
    </ClInclude>
  </ItemGroup>
  <ItemGroup>
    <Filter Include="sigslot">
      <UniqueIdentifier>{69f371e2-fc0a-484d-809d-a3ba6f71344b}</UniqueIdentifier>
    </Filter>
    <Filter Include="intrusive_shared_ptr">
      <UniqueIdentifier>{5bbeb48d-043e-42c7-94e8-9254ac244f86}</UniqueIdentifier>
    </Filter>
  </ItemGroup>
</Project>