<?xml version="1.0" encoding="utf-8"?>
<Project ToolsVersion="4.0" xmlns="http://schemas.microsoft.com/developer/msbuild/2003">
  <ItemGroup>
    <ClCompile Include="Formats\libpng\png.c">
      <Filter>Formats\libpng</Filter>
    </ClCompile>
    <ClCompile Include="Formats\libpng\pngerror.c">
      <Filter>Formats\libpng</Filter>
    </ClCompile>
    <ClCompile Include="Formats\libpng\pngget.c">
      <Filter>Formats\libpng</Filter>
    </ClCompile>
    <ClCompile Include="Formats\libpng\pngmem.c">
      <Filter>Formats\libpng</Filter>
    </ClCompile>
    <ClCompile Include="Formats\libpng\pngpread.c">
      <Filter>Formats\libpng</Filter>
    </ClCompile>
    <ClCompile Include="Formats\libpng\pngread.c">
      <Filter>Formats\libpng</Filter>
    </ClCompile>
    <ClCompile Include="Formats\libpng\pngrio.c">
      <Filter>Formats\libpng</Filter>
    </ClCompile>
    <ClCompile Include="Formats\libpng\pngrtran.c">
      <Filter>Formats\libpng</Filter>
    </ClCompile>
    <ClCompile Include="Formats\libpng\pngrutil.c">
      <Filter>Formats\libpng</Filter>
    </ClCompile>
    <ClCompile Include="Formats\libpng\pngset.c">
      <Filter>Formats\libpng</Filter>
    </ClCompile>
    <ClCompile Include="Formats\libpng\pngsimd.c">
      <Filter>Formats\libpng</Filter>
    </ClCompile>
    <ClCompile Include="Formats\libpng\pngtest.c">
      <Filter>Formats\libpng</Filter>
    </ClCompile>
    <ClCompile Include="Formats\libpng\pngtrans.c">
      <Filter>Formats\libpng</Filter>
    </ClCompile>
    <ClCompile Include="Formats\libpng\pngwio.c">
      <Filter>Formats\libpng</Filter>
    </ClCompile>
    <ClCompile Include="Formats\libpng\pngwrite.c">
      <Filter>Formats\libpng</Filter>
    </ClCompile>
    <ClCompile Include="Formats\libpng\pngwtran.c">
      <Filter>Formats\libpng</Filter>
    </ClCompile>
    <ClCompile Include="Formats\libpng\pngwutil.c">
      <Filter>Formats\libpng</Filter>
    </ClCompile>
    <ClCompile Include="RectangleBinPack\MaxRectsBinPack.cpp">
      <Filter>RectangleBinPack</Filter>
    </ClCompile>
    <ClCompile Include="RectangleBinPack\Rect.cpp">
      <Filter>RectangleBinPack</Filter>
    </ClCompile>
    <ClCompile Include="Compression\libsquish\alpha.cpp">
      <Filter>Compression\libsquish</Filter>
    </ClCompile>
    <ClCompile Include="Compression\libsquish\clusterfit.cpp">
      <Filter>Compression\libsquish</Filter>
    </ClCompile>
    <ClCompile Include="Compression\libsquish\colourblock.cpp">
      <Filter>Compression\libsquish</Filter>
    </ClCompile>
    <ClCompile Include="Compression\libsquish\colourfit.cpp">
      <Filter>Compression\libsquish</Filter>
    </ClCompile>
    <ClCompile Include="Compression\libsquish\colourset.cpp">
      <Filter>Compression\libsquish</Filter>
    </ClCompile>
    <ClCompile Include="Compression\libsquish\maths.cpp">
      <Filter>Compression\libsquish</Filter>
    </ClCompile>
    <ClCompile Include="Compression\libsquish\rangefit.cpp">
      <Filter>Compression\libsquish</Filter>
    </ClCompile>
    <ClCompile Include="Compression\libsquish\singlecolourfit.cpp">
      <Filter>Compression\libsquish</Filter>
    </ClCompile>
    <ClCompile Include="Compression\libsquish\squish.cpp">
      <Filter>Compression\libsquish</Filter>
    </ClCompile>
  </ItemGroup>
  <ItemGroup>
    <ClInclude Include="Color3.hpp" />
    <ClInclude Include="Color4.hpp" />
    <ClInclude Include="ColorSpaces.hpp" />
    <ClInclude Include="Imaging.hpp" />
    <ClInclude Include="PixelTypes.hpp" />
    <ClInclude Include="Formats\libpng\png.h">
      <Filter>Formats\libpng</Filter>
    </ClInclude>
    <ClInclude Include="Formats\libpng\pngconf.h">
      <Filter>Formats\libpng</Filter>
    </ClInclude>
    <ClInclude Include="Formats\libpng\pngdebug.h">
      <Filter>Formats\libpng</Filter>
    </ClInclude>
    <ClInclude Include="Formats\libpng\pnginfo.h">
      <Filter>Formats\libpng</Filter>
    </ClInclude>
    <ClInclude Include="Formats\libpng\pngpriv.h">
      <Filter>Formats\libpng</Filter>
    </ClInclude>
    <ClInclude Include="Formats\libpng\pngstruct.h">
      <Filter>Formats\libpng</Filter>
    </ClInclude>
    <ClInclude Include="Formats\libpng\pngtarget.h">
      <Filter>Formats\libpng</Filter>
    </ClInclude>
    <ClInclude Include="RectangleBinPack\MaxRectsBinPack.h">
      <Filter>RectangleBinPack</Filter>
    </ClInclude>
    <ClInclude Include="RectangleBinPack\Rect.h">
      <Filter>RectangleBinPack</Filter>
    </ClInclude>
    <ClInclude Include="Formats\libpng\intel\check.h">
      <Filter>Formats\libpng\intel</Filter>
    </ClInclude>
    <ClInclude Include="Formats\libpng\arm\check.h">
      <Filter>Formats\libpng\arm</Filter>
    </ClInclude>
    <ClInclude Include="Compression\libsquish\squish.h">
      <Filter>Compression\libsquish</Filter>
    </ClInclude>
    <ClInclude Include="Compression\libsquish\alpha.h">
      <Filter>Compression\libsquish</Filter>
    </ClInclude>
    <ClInclude Include="Compression\libsquish\clusterfit.h">
      <Filter>Compression\libsquish</Filter>
    </ClInclude>
    <ClInclude Include="Compression\libsquish\colourblock.h">
      <Filter>Compression\libsquish</Filter>
    </ClInclude>
    <ClInclude Include="Compression\libsquish\colourfit.h">
      <Filter>Compression\libsquish</Filter>
    </ClInclude>
    <ClInclude Include="Compression\libsquish\colourset.h">
      <Filter>Compression\libsquish</Filter>
    </ClInclude>
    <ClInclude Include="Compression\libsquish\config.h">
      <Filter>Compression\libsquish</Filter>
    </ClInclude>
    <ClInclude Include="Compression\libsquish\maths.h">
      <Filter>Compression\libsquish</Filter>
    </ClInclude>
    <ClInclude Include="Compression\libsquish\rangefit.h">
      <Filter>Compression\libsquish</Filter>
    </ClInclude>
    <ClInclude Include="Compression\libsquish\simd.h">
      <Filter>Compression\libsquish</Filter>
    </ClInclude>
    <ClInclude Include="Compression\libsquish\simd_float.h">
      <Filter>Compression\libsquish</Filter>
    </ClInclude>
    <ClInclude Include="Compression\libsquish\simd_sse.h">
      <Filter>Compression\libsquish</Filter>
    </ClInclude>
    <ClInclude Include="Compression\libsquish\simd_ve.h">
      <Filter>Compression\libsquish</Filter>
    </ClInclude>
    <ClInclude Include="Compression\libsquish\singlecolourfit.h">
      <Filter>Compression\libsquish</Filter>
    </ClInclude>
    <ClInclude Include="Formats\libpng\mips\check.h">
      <Filter>Formats\libpng\mips</Filter>
    </ClInclude>
    <ClInclude Include="Formats\libpng\mips\msacheck.h">
      <Filter>Formats\libpng\mips</Filter>
    </ClInclude>
    <ClInclude Include="Formats\libpng\powerpc\check.h">
      <Filter>Formats\libpng\powerpc</Filter>
    </ClInclude>
    <ClInclude Include="Win32\pnglibconf.h">
      <Filter>Formats\libpng</Filter>
    </ClInclude>
  </ItemGroup>
  <ItemGroup>
    <Filter Include="Compression">
      <UniqueIdentifier>{06f6cd03-5ff9-4f22-bb72-0cb856cb1717}</UniqueIdentifier>
    </Filter>
    <Filter Include="Compression\libsquish">
      <UniqueIdentifier>{d4f2182a-b6c3-41cb-8221-c6ebe01f7ce1}</UniqueIdentifier>
    </Filter>
    <Filter Include="Formats">
      <UniqueIdentifier>{0f3cb81b-b777-4428-a5b2-d0edf5f15b32}</UniqueIdentifier>
    </Filter>
    <Filter Include="Formats\libpng">
      <UniqueIdentifier>{9ce85b6d-90dd-46bf-8151-092c560561fa}</UniqueIdentifier>
    </Filter>
    <Filter Include="RectangleBinPack">
      <UniqueIdentifier>{ec151f24-50cd-43de-a517-9e81c234811d}</UniqueIdentifier>
    </Filter>
    <Filter Include="Formats\libpng\intel">
      <UniqueIdentifier>{046953c5-245c-4e9f-a8ab-9dfef30c3b16}</UniqueIdentifier>
    </Filter>
    <Filter Include="Formats\libpng\arm">
      <UniqueIdentifier>{ee3fa13e-73cc-4504-9f4e-c44886f1c08c}</UniqueIdentifier>
    </Filter>
    <Filter Include="Formats\libpng\mips">
      <UniqueIdentifier>{276211e2-5c82-4fcc-bf91-f7b9ec5394a7}</UniqueIdentifier>
    </Filter>
    <Filter Include="Formats\libpng\powerpc">
      <UniqueIdentifier>{2cfe9793-03b6-4aa8-854f-a8719ac8cf78}</UniqueIdentifier>
    </Filter>
  </ItemGroup>
  <ItemGroup>
    <None Include="Compression\libsquish\singlecolourlookup.inl">
      <Filter>Compression\libsquish</Filter>
    </None>
  </ItemGroup>
</Project>