<?xml version="1.0" encoding="utf-8"?>
<Project ToolsVersion="4.0" xmlns="http://schemas.microsoft.com/developer/msbuild/2003">
  <ItemGroup>
    <ClInclude Include="Physics.hpp" />
    <ClInclude Include="bullet3\src\LinearMath\btAabbUtil2.h">
      <Filter>bullet3\LinearMath</Filter>
    </ClInclude>
    <ClInclude Include="bullet3\src\LinearMath\btAlignedAllocator.h">
      <Filter>bullet3\LinearMath</Filter>
    </ClInclude>
    <ClInclude Include="bullet3\src\LinearMath\btAlignedObjectArray.h">
      <Filter>bullet3\LinearMath</Filter>
    </ClInclude>
    <ClInclude Include="bullet3\src\LinearMath\btConvexHull.h">
      <Filter>bullet3\LinearMath</Filter>
    </ClInclude>
    <ClInclude Include="bullet3\src\LinearMath\btConvexHullComputer.h">
      <Filter>bullet3\LinearMath</Filter>
    </ClInclude>
    <ClInclude Include="bullet3\src\LinearMath\btCpuFeatureUtility.h">
      <Filter>bullet3\LinearMath</Filter>
    </ClInclude>
    <ClInclude Include="bullet3\src\LinearMath\btDefaultMotionState.h">
      <Filter>bullet3\LinearMath</Filter>
    </ClInclude>
    <ClInclude Include="bullet3\src\LinearMath\btGeometryUtil.h">
      <Filter>bullet3\LinearMath</Filter>
    </ClInclude>
    <ClInclude Include="bullet3\src\LinearMath\btGrahamScan2dConvexHull.h">
      <Filter>bullet3\LinearMath</Filter>
    </ClInclude>
    <ClInclude Include="bullet3\src\LinearMath\btHashMap.h">
      <Filter>bullet3\LinearMath</Filter>
    </ClInclude>
    <ClInclude Include="bullet3\src\LinearMath\btIDebugDraw.h">
      <Filter>bullet3\LinearMath</Filter>
    </ClInclude>
    <ClInclude Include="bullet3\src\LinearMath\btImplicitQRSVD.h">
      <Filter>bullet3\LinearMath</Filter>
    </ClInclude>
    <ClInclude Include="bullet3\src\LinearMath\btList.h">
      <Filter>bullet3\LinearMath</Filter>
    </ClInclude>
    <ClInclude Include="bullet3\src\LinearMath\btMatrix3x3.h">
      <Filter>bullet3\LinearMath</Filter>
    </ClInclude>
    <ClInclude Include="bullet3\src\LinearMath\btMatrixX.h">
      <Filter>bullet3\LinearMath</Filter>
    </ClInclude>
    <ClInclude Include="bullet3\src\LinearMath\btMinMax.h">
      <Filter>bullet3\LinearMath</Filter>
    </ClInclude>
    <ClInclude Include="bullet3\src\LinearMath\btModifiedGramSchmidt.h">
      <Filter>bullet3\LinearMath</Filter>
    </ClInclude>
    <ClInclude Include="bullet3\src\LinearMath\btMotionState.h">
      <Filter>bullet3\LinearMath</Filter>
    </ClInclude>
    <ClInclude Include="bullet3\src\LinearMath\btPolarDecomposition.h">
      <Filter>bullet3\LinearMath</Filter>
    </ClInclude>
    <ClInclude Include="bullet3\src\LinearMath\btPoolAllocator.h">
      <Filter>bullet3\LinearMath</Filter>
    </ClInclude>
    <ClInclude Include="bullet3\src\LinearMath\btQuadWord.h">
      <Filter>bullet3\LinearMath</Filter>
    </ClInclude>
    <ClInclude Include="bullet3\src\LinearMath\btQuaternion.h">
      <Filter>bullet3\LinearMath</Filter>
    </ClInclude>
    <ClInclude Include="bullet3\src\LinearMath\btQuickprof.h">
      <Filter>bullet3\LinearMath</Filter>
    </ClInclude>
    <ClInclude Include="bullet3\src\LinearMath\btRandom.h">
      <Filter>bullet3\LinearMath</Filter>
    </ClInclude>
    <ClInclude Include="bullet3\src\LinearMath\btReducedVector.h">
      <Filter>bullet3\LinearMath</Filter>
    </ClInclude>
    <ClInclude Include="bullet3\src\LinearMath\btScalar.h">
      <Filter>bullet3\LinearMath</Filter>
    </ClInclude>
    <ClInclude Include="bullet3\src\LinearMath\btSerializer.h">
      <Filter>bullet3\LinearMath</Filter>
    </ClInclude>
    <ClInclude Include="bullet3\src\LinearMath\btSpatialAlgebra.h">
      <Filter>bullet3\LinearMath</Filter>
    </ClInclude>
    <ClInclude Include="bullet3\src\LinearMath\btStackAlloc.h">
      <Filter>bullet3\LinearMath</Filter>
    </ClInclude>
    <ClInclude Include="bullet3\src\LinearMath\btThreads.h">
      <Filter>bullet3\LinearMath</Filter>
    </ClInclude>
    <ClInclude Include="bullet3\src\LinearMath\btTransform.h">
      <Filter>bullet3\LinearMath</Filter>
    </ClInclude>
    <ClInclude Include="bullet3\src\LinearMath\btTransformUtil.h">
      <Filter>bullet3\LinearMath</Filter>
    </ClInclude>
    <ClInclude Include="bullet3\src\LinearMath\btVector3.h">
      <Filter>bullet3\LinearMath</Filter>
    </ClInclude>
    <ClInclude Include="bullet3\src\LinearMath\TaskScheduler\btThreadSupportInterface.h">
      <Filter>bullet3\LinearMath\TaskScheduler</Filter>
    </ClInclude>
    <ClInclude Include="bullet3\src\btBulletCollisionCommon.h">
      <Filter>bullet3</Filter>
    </ClInclude>
    <ClInclude Include="bullet3\src\btBulletDynamicsCommon.h">
      <Filter>bullet3</Filter>
    </ClInclude>
    <ClInclude Include="bullet3\src\BulletCollision\BroadphaseCollision\btAxisSweep3.h">
      <Filter>bullet3\BulletCollision\BroadphaseCollision</Filter>
    </ClInclude>
    <ClInclude Include="bullet3\src\BulletCollision\BroadphaseCollision\btAxisSweep3Internal.h">
      <Filter>bullet3\BulletCollision\BroadphaseCollision</Filter>
    </ClInclude>
    <ClInclude Include="bullet3\src\BulletCollision\BroadphaseCollision\btBroadphaseInterface.h">
      <Filter>bullet3\BulletCollision\BroadphaseCollision</Filter>
    </ClInclude>
    <ClInclude Include="bullet3\src\BulletCollision\BroadphaseCollision\btBroadphaseProxy.h">
      <Filter>bullet3\BulletCollision\BroadphaseCollision</Filter>
    </ClInclude>
    <ClInclude Include="bullet3\src\BulletCollision\BroadphaseCollision\btCollisionAlgorithm.h">
      <Filter>bullet3\BulletCollision\BroadphaseCollision</Filter>
    </ClInclude>
    <ClInclude Include="bullet3\src\BulletCollision\BroadphaseCollision\btDbvt.h">
      <Filter>bullet3\BulletCollision\BroadphaseCollision</Filter>
    </ClInclude>
    <ClInclude Include="bullet3\src\BulletCollision\BroadphaseCollision\btDbvtBroadphase.h">
      <Filter>bullet3\BulletCollision\BroadphaseCollision</Filter>
    </ClInclude>
    <ClInclude Include="bullet3\src\BulletCollision\BroadphaseCollision\btDispatcher.h">
      <Filter>bullet3\BulletCollision\BroadphaseCollision</Filter>
    </ClInclude>
    <ClInclude Include="bullet3\src\BulletCollision\BroadphaseCollision\btOverlappingPairCache.h">
      <Filter>bullet3\BulletCollision\BroadphaseCollision</Filter>
    </ClInclude>
    <ClInclude Include="bullet3\src\BulletCollision\BroadphaseCollision\btOverlappingPairCallback.h">
      <Filter>bullet3\BulletCollision\BroadphaseCollision</Filter>
    </ClInclude>
    <ClInclude Include="bullet3\src\BulletCollision\BroadphaseCollision\btQuantizedBvh.h">
      <Filter>bullet3\BulletCollision\BroadphaseCollision</Filter>
    </ClInclude>
    <ClInclude Include="bullet3\src\BulletCollision\BroadphaseCollision\btSimpleBroadphase.h">
      <Filter>bullet3\BulletCollision\BroadphaseCollision</Filter>
    </ClInclude>
    <ClInclude Include="bullet3\src\BulletCollision\CollisionDispatch\btActivatingCollisionAlgorithm.h">
      <Filter>bullet3\BulletCollision\CollisionDispatch</Filter>
    </ClInclude>
    <ClInclude Include="bullet3\src\BulletCollision\CollisionDispatch\btBox2dBox2dCollisionAlgorithm.h">
      <Filter>bullet3\BulletCollision\CollisionDispatch</Filter>
    </ClInclude>
    <ClInclude Include="bullet3\src\BulletCollision\CollisionDispatch\btBoxBoxCollisionAlgorithm.h">
      <Filter>bullet3\BulletCollision\CollisionDispatch</Filter>
    </ClInclude>
    <ClInclude Include="bullet3\src\BulletCollision\CollisionDispatch\btBoxBoxDetector.h">
      <Filter>bullet3\BulletCollision\CollisionDispatch</Filter>
    </ClInclude>
    <ClInclude Include="bullet3\src\BulletCollision\CollisionDispatch\btCollisionConfiguration.h">
      <Filter>bullet3\BulletCollision\CollisionDispatch</Filter>
    </ClInclude>
    <ClInclude Include="bullet3\src\BulletCollision\CollisionDispatch\btCollisionCreateFunc.h">
      <Filter>bullet3\BulletCollision\CollisionDispatch</Filter>
    </ClInclude>
    <ClInclude Include="bullet3\src\BulletCollision\CollisionDispatch\btCollisionDispatcher.h">
      <Filter>bullet3\BulletCollision\CollisionDispatch</Filter>
    </ClInclude>
    <ClInclude Include="bullet3\src\BulletCollision\CollisionDispatch\btCollisionDispatcherMt.h">
      <Filter>bullet3\BulletCollision\CollisionDispatch</Filter>
    </ClInclude>
    <ClInclude Include="bullet3\src\BulletCollision\CollisionDispatch\btCollisionObject.h">
      <Filter>bullet3\BulletCollision\CollisionDispatch</Filter>
    </ClInclude>
    <ClInclude Include="bullet3\src\BulletCollision\CollisionDispatch\btCollisionObjectWrapper.h">
      <Filter>bullet3\BulletCollision\CollisionDispatch</Filter>
    </ClInclude>
    <ClInclude Include="bullet3\src\BulletCollision\CollisionDispatch\btCollisionWorld.h">
      <Filter>bullet3\BulletCollision\CollisionDispatch</Filter>
    </ClInclude>
    <ClInclude Include="bullet3\src\BulletCollision\CollisionDispatch\btCollisionWorldImporter.h">
      <Filter>bullet3\BulletCollision\CollisionDispatch</Filter>
    </ClInclude>
    <ClInclude Include="bullet3\src\BulletCollision\CollisionDispatch\btCompoundCollisionAlgorithm.h">
      <Filter>bullet3\BulletCollision\CollisionDispatch</Filter>
    </ClInclude>
    <ClInclude Include="bullet3\src\BulletCollision\CollisionDispatch\btCompoundCompoundCollisionAlgorithm.h">
      <Filter>bullet3\BulletCollision\CollisionDispatch</Filter>
    </ClInclude>
    <ClInclude Include="bullet3\src\BulletCollision\CollisionDispatch\btConvex2dConvex2dAlgorithm.h">
      <Filter>bullet3\BulletCollision\CollisionDispatch</Filter>
    </ClInclude>
    <ClInclude Include="bullet3\src\BulletCollision\CollisionDispatch\btConvexConcaveCollisionAlgorithm.h">
      <Filter>bullet3\BulletCollision\CollisionDispatch</Filter>
    </ClInclude>
    <ClInclude Include="bullet3\src\BulletCollision\CollisionDispatch\btConvexConvexAlgorithm.h">
      <Filter>bullet3\BulletCollision\CollisionDispatch</Filter>
    </ClInclude>
    <ClInclude Include="bullet3\src\BulletCollision\CollisionDispatch\btConvexPlaneCollisionAlgorithm.h">
      <Filter>bullet3\BulletCollision\CollisionDispatch</Filter>
    </ClInclude>
    <ClInclude Include="bullet3\src\BulletCollision\CollisionDispatch\btDefaultCollisionConfiguration.h">
      <Filter>bullet3\BulletCollision\CollisionDispatch</Filter>
    </ClInclude>
    <ClInclude Include="bullet3\src\BulletCollision\CollisionDispatch\btEmptyCollisionAlgorithm.h">
      <Filter>bullet3\BulletCollision\CollisionDispatch</Filter>
    </ClInclude>
    <ClInclude Include="bullet3\src\BulletCollision\CollisionDispatch\btGhostObject.h">
      <Filter>bullet3\BulletCollision\CollisionDispatch</Filter>
    </ClInclude>
    <ClInclude Include="bullet3\src\BulletCollision\CollisionDispatch\btHashedSimplePairCache.h">
      <Filter>bullet3\BulletCollision\CollisionDispatch</Filter>
    </ClInclude>
    <ClInclude Include="bullet3\src\BulletCollision\CollisionDispatch\btInternalEdgeUtility.h">
      <Filter>bullet3\BulletCollision\CollisionDispatch</Filter>
    </ClInclude>
    <ClInclude Include="bullet3\src\BulletCollision\CollisionDispatch\btManifoldResult.h">
      <Filter>bullet3\BulletCollision\CollisionDispatch</Filter>
    </ClInclude>
    <ClInclude Include="bullet3\src\BulletCollision\CollisionDispatch\btSimulationIslandManager.h">
      <Filter>bullet3\BulletCollision\CollisionDispatch</Filter>
    </ClInclude>
    <ClInclude Include="bullet3\src\BulletCollision\CollisionDispatch\btSphereBoxCollisionAlgorithm.h">
      <Filter>bullet3\BulletCollision\CollisionDispatch</Filter>
    </ClInclude>
    <ClInclude Include="bullet3\src\BulletCollision\CollisionDispatch\btSphereSphereCollisionAlgorithm.h">
      <Filter>bullet3\BulletCollision\CollisionDispatch</Filter>
    </ClInclude>
    <ClInclude Include="bullet3\src\BulletCollision\CollisionDispatch\btSphereTriangleCollisionAlgorithm.h">
      <Filter>bullet3\BulletCollision\CollisionDispatch</Filter>
    </ClInclude>
    <ClInclude Include="bullet3\src\BulletCollision\CollisionDispatch\btUnionFind.h">
      <Filter>bullet3\BulletCollision\CollisionDispatch</Filter>
    </ClInclude>
    <ClInclude Include="bullet3\src\BulletCollision\CollisionDispatch\SphereTriangleDetector.h">
      <Filter>bullet3\BulletCollision\CollisionDispatch</Filter>
    </ClInclude>
    <ClInclude Include="bullet3\src\BulletCollision\CollisionShapes\btBox2dShape.h">
      <Filter>bullet3\BulletCollision\CollisionShapes</Filter>
    </ClInclude>
    <ClInclude Include="bullet3\src\BulletCollision\CollisionShapes\btBoxShape.h">
      <Filter>bullet3\BulletCollision\CollisionShapes</Filter>
    </ClInclude>
    <ClInclude Include="bullet3\src\BulletCollision\CollisionShapes\btBvhTriangleMeshShape.h">
      <Filter>bullet3\BulletCollision\CollisionShapes</Filter>
    </ClInclude>
    <ClInclude Include="bullet3\src\BulletCollision\CollisionShapes\btCapsuleShape.h">
      <Filter>bullet3\BulletCollision\CollisionShapes</Filter>
    </ClInclude>
    <ClInclude Include="bullet3\src\BulletCollision\CollisionShapes\btCollisionMargin.h">
      <Filter>bullet3\BulletCollision\CollisionShapes</Filter>
    </ClInclude>
    <ClInclude Include="bullet3\src\BulletCollision\CollisionShapes\btCollisionShape.h">
      <Filter>bullet3\BulletCollision\CollisionShapes</Filter>
    </ClInclude>
    <ClInclude Include="bullet3\src\BulletCollision\CollisionShapes\btCompoundShape.h">
      <Filter>bullet3\BulletCollision\CollisionShapes</Filter>
    </ClInclude>
    <ClInclude Include="bullet3\src\BulletCollision\CollisionShapes\btConcaveShape.h">
      <Filter>bullet3\BulletCollision\CollisionShapes</Filter>
    </ClInclude>
    <ClInclude Include="bullet3\src\BulletCollision\CollisionShapes\btConeShape.h">
      <Filter>bullet3\BulletCollision\CollisionShapes</Filter>
    </ClInclude>
    <ClInclude Include="bullet3\src\BulletCollision\CollisionShapes\btConvex2dShape.h">
      <Filter>bullet3\BulletCollision\CollisionShapes</Filter>
    </ClInclude>
    <ClInclude Include="bullet3\src\BulletCollision\CollisionShapes\btConvexHullShape.h">
      <Filter>bullet3\BulletCollision\CollisionShapes</Filter>
    </ClInclude>
    <ClInclude Include="bullet3\src\BulletCollision\CollisionShapes\btConvexInternalShape.h">
      <Filter>bullet3\BulletCollision\CollisionShapes</Filter>
    </ClInclude>
    <ClInclude Include="bullet3\src\BulletCollision\CollisionShapes\btConvexPointCloudShape.h">
      <Filter>bullet3\BulletCollision\CollisionShapes</Filter>
    </ClInclude>
    <ClInclude Include="bullet3\src\BulletCollision\CollisionShapes\btConvexPolyhedron.h">
      <Filter>bullet3\BulletCollision\CollisionShapes</Filter>
    </ClInclude>
    <ClInclude Include="bullet3\src\BulletCollision\CollisionShapes\btConvexShape.h">
      <Filter>bullet3\BulletCollision\CollisionShapes</Filter>
    </ClInclude>
    <ClInclude Include="bullet3\src\BulletCollision\CollisionShapes\btConvexTriangleMeshShape.h">
      <Filter>bullet3\BulletCollision\CollisionShapes</Filter>
    </ClInclude>
    <ClInclude Include="bullet3\src\BulletCollision\CollisionShapes\btCylinderShape.h">
      <Filter>bullet3\BulletCollision\CollisionShapes</Filter>
    </ClInclude>
    <ClInclude Include="bullet3\src\BulletCollision\CollisionShapes\btEmptyShape.h">
      <Filter>bullet3\BulletCollision\CollisionShapes</Filter>
    </ClInclude>
    <ClInclude Include="bullet3\src\BulletCollision\CollisionShapes\btHeightfieldTerrainShape.h">
      <Filter>bullet3\BulletCollision\CollisionShapes</Filter>
    </ClInclude>
    <ClInclude Include="bullet3\src\BulletCollision\CollisionShapes\btMaterial.h">
      <Filter>bullet3\BulletCollision\CollisionShapes</Filter>
    </ClInclude>
    <ClInclude Include="bullet3\src\BulletCollision\CollisionShapes\btMiniSDF.h">
      <Filter>bullet3\BulletCollision\CollisionShapes</Filter>
    </ClInclude>
    <ClInclude Include="bullet3\src\BulletCollision\CollisionShapes\btMinkowskiSumShape.h">
      <Filter>bullet3\BulletCollision\CollisionShapes</Filter>
    </ClInclude>
    <ClInclude Include="bullet3\src\BulletCollision\CollisionShapes\btMultimaterialTriangleMeshShape.h">
      <Filter>bullet3\BulletCollision\CollisionShapes</Filter>
    </ClInclude>
    <ClInclude Include="bullet3\src\BulletCollision\CollisionShapes\btMultiSphereShape.h">
      <Filter>bullet3\BulletCollision\CollisionShapes</Filter>
    </ClInclude>
    <ClInclude Include="bullet3\src\BulletCollision\CollisionShapes\btOptimizedBvh.h">
      <Filter>bullet3\BulletCollision\CollisionShapes</Filter>
    </ClInclude>
    <ClInclude Include="bullet3\src\BulletCollision\CollisionShapes\btPolyhedralConvexShape.h">
      <Filter>bullet3\BulletCollision\CollisionShapes</Filter>
    </ClInclude>
    <ClInclude Include="bullet3\src\BulletCollision\CollisionShapes\btScaledBvhTriangleMeshShape.h">
      <Filter>bullet3\BulletCollision\CollisionShapes</Filter>
    </ClInclude>
    <ClInclude Include="bullet3\src\BulletCollision\CollisionShapes\btSdfCollisionShape.h">
      <Filter>bullet3\BulletCollision\CollisionShapes</Filter>
    </ClInclude>
    <ClInclude Include="bullet3\src\BulletCollision\CollisionShapes\btShapeHull.h">
      <Filter>bullet3\BulletCollision\CollisionShapes</Filter>
    </ClInclude>
    <ClInclude Include="bullet3\src\BulletCollision\CollisionShapes\btSphereShape.h">
      <Filter>bullet3\BulletCollision\CollisionShapes</Filter>
    </ClInclude>
    <ClInclude Include="bullet3\src\BulletCollision\CollisionShapes\btStaticPlaneShape.h">
      <Filter>bullet3\BulletCollision\CollisionShapes</Filter>
    </ClInclude>
    <ClInclude Include="bullet3\src\BulletCollision\CollisionShapes\btStridingMeshInterface.h">
      <Filter>bullet3\BulletCollision\CollisionShapes</Filter>
    </ClInclude>
    <ClInclude Include="bullet3\src\BulletCollision\CollisionShapes\btTetrahedronShape.h">
      <Filter>bullet3\BulletCollision\CollisionShapes</Filter>
    </ClInclude>
    <ClInclude Include="bullet3\src\BulletCollision\CollisionShapes\btTriangleBuffer.h">
      <Filter>bullet3\BulletCollision\CollisionShapes</Filter>
    </ClInclude>
    <ClInclude Include="bullet3\src\BulletCollision\CollisionShapes\btTriangleCallback.h">
      <Filter>bullet3\BulletCollision\CollisionShapes</Filter>
    </ClInclude>
    <ClInclude Include="bullet3\src\BulletCollision\CollisionShapes\btTriangleIndexVertexArray.h">
      <Filter>bullet3\BulletCollision\CollisionShapes</Filter>
    </ClInclude>
    <ClInclude Include="bullet3\src\BulletCollision\CollisionShapes\btTriangleIndexVertexMaterialArray.h">
      <Filter>bullet3\BulletCollision\CollisionShapes</Filter>
    </ClInclude>
    <ClInclude Include="bullet3\src\BulletCollision\CollisionShapes\btTriangleInfoMap.h">
      <Filter>bullet3\BulletCollision\CollisionShapes</Filter>
    </ClInclude>
    <ClInclude Include="bullet3\src\BulletCollision\CollisionShapes\btTriangleMesh.h">
      <Filter>bullet3\BulletCollision\CollisionShapes</Filter>
    </ClInclude>
    <ClInclude Include="bullet3\src\BulletCollision\CollisionShapes\btTriangleMeshShape.h">
      <Filter>bullet3\BulletCollision\CollisionShapes</Filter>
    </ClInclude>
    <ClInclude Include="bullet3\src\BulletCollision\CollisionShapes\btTriangleShape.h">
      <Filter>bullet3\BulletCollision\CollisionShapes</Filter>
    </ClInclude>
    <ClInclude Include="bullet3\src\BulletCollision\CollisionShapes\btUniformScalingShape.h">
      <Filter>bullet3\BulletCollision\CollisionShapes</Filter>
    </ClInclude>
    <ClInclude Include="bullet3\src\BulletCollision\Gimpact\btBoxCollision.h">
      <Filter>bullet3\BulletCollision\Gimpact</Filter>
    </ClInclude>
    <ClInclude Include="bullet3\src\BulletCollision\Gimpact\btClipPolygon.h">
      <Filter>bullet3\BulletCollision\Gimpact</Filter>
    </ClInclude>
    <ClInclude Include="bullet3\src\BulletCollision\Gimpact\btCompoundFromGimpact.h">
      <Filter>bullet3\BulletCollision\Gimpact</Filter>
    </ClInclude>
    <ClInclude Include="bullet3\src\BulletCollision\Gimpact\btContactProcessing.h">
      <Filter>bullet3\BulletCollision\Gimpact</Filter>
    </ClInclude>
    <ClInclude Include="bullet3\src\BulletCollision\Gimpact\btContactProcessingStructs.h">
      <Filter>bullet3\BulletCollision\Gimpact</Filter>
    </ClInclude>
    <ClInclude Include="bullet3\src\BulletCollision\Gimpact\btGenericPoolAllocator.h">
      <Filter>bullet3\BulletCollision\Gimpact</Filter>
    </ClInclude>
    <ClInclude Include="bullet3\src\BulletCollision\Gimpact\btGeometryOperations.h">
      <Filter>bullet3\BulletCollision\Gimpact</Filter>
    </ClInclude>
    <ClInclude Include="bullet3\src\BulletCollision\Gimpact\btGImpactBvh.h">
      <Filter>bullet3\BulletCollision\Gimpact</Filter>
    </ClInclude>
    <ClInclude Include="bullet3\src\BulletCollision\Gimpact\btGImpactBvhStructs.h">
      <Filter>bullet3\BulletCollision\Gimpact</Filter>
    </ClInclude>
    <ClInclude Include="bullet3\src\BulletCollision\Gimpact\btGImpactCollisionAlgorithm.h">
      <Filter>bullet3\BulletCollision\Gimpact</Filter>
    </ClInclude>
    <ClInclude Include="bullet3\src\BulletCollision\Gimpact\btGImpactMassUtil.h">
      <Filter>bullet3\BulletCollision\Gimpact</Filter>
    </ClInclude>
    <ClInclude Include="bullet3\src\BulletCollision\Gimpact\btGImpactQuantizedBvh.h">
      <Filter>bullet3\BulletCollision\Gimpact</Filter>
    </ClInclude>
    <ClInclude Include="bullet3\src\BulletCollision\Gimpact\btGImpactQuantizedBvhStructs.h">
      <Filter>bullet3\BulletCollision\Gimpact</Filter>
    </ClInclude>
    <ClInclude Include="bullet3\src\BulletCollision\Gimpact\btGImpactShape.h">
      <Filter>bullet3\BulletCollision\Gimpact</Filter>
    </ClInclude>
    <ClInclude Include="bullet3\src\BulletCollision\Gimpact\btQuantization.h">
      <Filter>bullet3\BulletCollision\Gimpact</Filter>
    </ClInclude>
    <ClInclude Include="bullet3\src\BulletCollision\Gimpact\btTriangleShapeEx.h">
      <Filter>bullet3\BulletCollision\Gimpact</Filter>
    </ClInclude>
    <ClInclude Include="bullet3\src\BulletCollision\Gimpact\gim_array.h">
      <Filter>bullet3\BulletCollision\Gimpact</Filter>
    </ClInclude>
    <ClInclude Include="bullet3\src\BulletCollision\Gimpact\gim_basic_geometry_operations.h">
      <Filter>bullet3\BulletCollision\Gimpact</Filter>
    </ClInclude>
    <ClInclude Include="bullet3\src\BulletCollision\Gimpact\gim_bitset.h">
      <Filter>bullet3\BulletCollision\Gimpact</Filter>
    </ClInclude>
    <ClInclude Include="bullet3\src\BulletCollision\Gimpact\gim_box_collision.h">
      <Filter>bullet3\BulletCollision\Gimpact</Filter>
    </ClInclude>
    <ClInclude Include="bullet3\src\BulletCollision\Gimpact\gim_box_set.h">
      <Filter>bullet3\BulletCollision\Gimpact</Filter>
    </ClInclude>
    <ClInclude Include="bullet3\src\BulletCollision\Gimpact\gim_clip_polygon.h">
      <Filter>bullet3\BulletCollision\Gimpact</Filter>
    </ClInclude>
    <ClInclude Include="bullet3\src\BulletCollision\Gimpact\gim_contact.h">
      <Filter>bullet3\BulletCollision\Gimpact</Filter>
    </ClInclude>
    <ClInclude Include="bullet3\src\BulletCollision\Gimpact\gim_geom_types.h">
      <Filter>bullet3\BulletCollision\Gimpact</Filter>
    </ClInclude>
    <ClInclude Include="bullet3\src\BulletCollision\Gimpact\gim_geometry.h">
      <Filter>bullet3\BulletCollision\Gimpact</Filter>
    </ClInclude>
    <ClInclude Include="bullet3\src\BulletCollision\Gimpact\gim_hash_table.h">
      <Filter>bullet3\BulletCollision\Gimpact</Filter>
    </ClInclude>
    <ClInclude Include="bullet3\src\BulletCollision\Gimpact\gim_linear_math.h">
      <Filter>bullet3\BulletCollision\Gimpact</Filter>
    </ClInclude>
    <ClInclude Include="bullet3\src\BulletCollision\Gimpact\gim_math.h">
      <Filter>bullet3\BulletCollision\Gimpact</Filter>
    </ClInclude>
    <ClInclude Include="bullet3\src\BulletCollision\Gimpact\gim_memory.h">
      <Filter>bullet3\BulletCollision\Gimpact</Filter>
    </ClInclude>
    <ClInclude Include="bullet3\src\BulletCollision\Gimpact\gim_pair.h">
      <Filter>bullet3\BulletCollision\Gimpact</Filter>
    </ClInclude>
    <ClInclude Include="bullet3\src\BulletCollision\Gimpact\gim_radixsort.h">
      <Filter>bullet3\BulletCollision\Gimpact</Filter>
    </ClInclude>
    <ClInclude Include="bullet3\src\BulletCollision\Gimpact\gim_tri_collision.h">
      <Filter>bullet3\BulletCollision\Gimpact</Filter>
    </ClInclude>
    <ClInclude Include="bullet3\src\BulletCollision\NarrowPhaseCollision\btComputeGjkEpaPenetration.h">
      <Filter>bullet3\BulletCollision\NarrowPhaseCollision</Filter>
    </ClInclude>
    <ClInclude Include="bullet3\src\BulletCollision\NarrowPhaseCollision\btContinuousConvexCollision.h">
      <Filter>bullet3\BulletCollision\NarrowPhaseCollision</Filter>
    </ClInclude>
    <ClInclude Include="bullet3\src\BulletCollision\NarrowPhaseCollision\btConvexCast.h">
      <Filter>bullet3\BulletCollision\NarrowPhaseCollision</Filter>
    </ClInclude>
    <ClInclude Include="bullet3\src\BulletCollision\NarrowPhaseCollision\btConvexPenetrationDepthSolver.h">
      <Filter>bullet3\BulletCollision\NarrowPhaseCollision</Filter>
    </ClInclude>
    <ClInclude Include="bullet3\src\BulletCollision\NarrowPhaseCollision\btDiscreteCollisionDetectorInterface.h">
      <Filter>bullet3\BulletCollision\NarrowPhaseCollision</Filter>
    </ClInclude>
    <ClInclude Include="bullet3\src\BulletCollision\NarrowPhaseCollision\btGjkCollisionDescription.h">
      <Filter>bullet3\BulletCollision\NarrowPhaseCollision</Filter>
    </ClInclude>
    <ClInclude Include="bullet3\src\BulletCollision\NarrowPhaseCollision\btGjkConvexCast.h">
      <Filter>bullet3\BulletCollision\NarrowPhaseCollision</Filter>
    </ClInclude>
    <ClInclude Include="bullet3\src\BulletCollision\NarrowPhaseCollision\btGjkEpa2.h">
      <Filter>bullet3\BulletCollision\NarrowPhaseCollision</Filter>
    </ClInclude>
    <ClInclude Include="bullet3\src\BulletCollision\NarrowPhaseCollision\btGjkEpa3.h">
      <Filter>bullet3\BulletCollision\NarrowPhaseCollision</Filter>
    </ClInclude>
    <ClInclude Include="bullet3\src\BulletCollision\NarrowPhaseCollision\btGjkEpaPenetrationDepthSolver.h">
      <Filter>bullet3\BulletCollision\NarrowPhaseCollision</Filter>
    </ClInclude>
    <ClInclude Include="bullet3\src\BulletCollision\NarrowPhaseCollision\btGjkPairDetector.h">
      <Filter>bullet3\BulletCollision\NarrowPhaseCollision</Filter>
    </ClInclude>
    <ClInclude Include="bullet3\src\BulletCollision\NarrowPhaseCollision\btManifoldPoint.h">
      <Filter>bullet3\BulletCollision\NarrowPhaseCollision</Filter>
    </ClInclude>
    <ClInclude Include="bullet3\src\BulletCollision\NarrowPhaseCollision\btMinkowskiPenetrationDepthSolver.h">
      <Filter>bullet3\BulletCollision\NarrowPhaseCollision</Filter>
    </ClInclude>
    <ClInclude Include="bullet3\src\BulletCollision\NarrowPhaseCollision\btMprPenetration.h">
      <Filter>bullet3\BulletCollision\NarrowPhaseCollision</Filter>
    </ClInclude>
    <ClInclude Include="bullet3\src\BulletCollision\NarrowPhaseCollision\btPersistentManifold.h">
      <Filter>bullet3\BulletCollision\NarrowPhaseCollision</Filter>
    </ClInclude>
    <ClInclude Include="bullet3\src\BulletCollision\NarrowPhaseCollision\btPointCollector.h">
      <Filter>bullet3\BulletCollision\NarrowPhaseCollision</Filter>
    </ClInclude>
    <ClInclude Include="bullet3\src\BulletCollision\NarrowPhaseCollision\btPolyhedralContactClipping.h">
      <Filter>bullet3\BulletCollision\NarrowPhaseCollision</Filter>
    </ClInclude>
    <ClInclude Include="bullet3\src\BulletCollision\NarrowPhaseCollision\btRaycastCallback.h">
      <Filter>bullet3\BulletCollision\NarrowPhaseCollision</Filter>
    </ClInclude>
    <ClInclude Include="bullet3\src\BulletCollision\NarrowPhaseCollision\btSimplexSolverInterface.h">
      <Filter>bullet3\BulletCollision\NarrowPhaseCollision</Filter>
    </ClInclude>
    <ClInclude Include="bullet3\src\BulletCollision\NarrowPhaseCollision\btSubSimplexConvexCast.h">
      <Filter>bullet3\BulletCollision\NarrowPhaseCollision</Filter>
    </ClInclude>
    <ClInclude Include="bullet3\src\BulletCollision\NarrowPhaseCollision\btVoronoiSimplexSolver.h">
      <Filter>bullet3\BulletCollision\NarrowPhaseCollision</Filter>
    </ClInclude>
    <ClInclude Include="bullet3\src\BulletDynamics\Character\btCharacterControllerInterface.h">
      <Filter>bullet3\BulletDynamics\Character</Filter>
    </ClInclude>
    <ClInclude Include="bullet3\src\BulletDynamics\Character\btKinematicCharacterController.h">
      <Filter>bullet3\BulletDynamics\Character</Filter>
    </ClInclude>
    <ClInclude Include="bullet3\src\BulletDynamics\ConstraintSolver\btBatchedConstraints.h">
      <Filter>bullet3\BulletDynamics\ConstraintSolver</Filter>
    </ClInclude>
    <ClInclude Include="bullet3\src\BulletDynamics\ConstraintSolver\btConeTwistConstraint.h">
      <Filter>bullet3\BulletDynamics\ConstraintSolver</Filter>
    </ClInclude>
    <ClInclude Include="bullet3\src\BulletDynamics\ConstraintSolver\btConstraintSolver.h">
      <Filter>bullet3\BulletDynamics\ConstraintSolver</Filter>
    </ClInclude>
    <ClInclude Include="bullet3\src\BulletDynamics\ConstraintSolver\btContactConstraint.h">
      <Filter>bullet3\BulletDynamics\ConstraintSolver</Filter>
    </ClInclude>
    <ClInclude Include="bullet3\src\BulletDynamics\ConstraintSolver\btContactSolverInfo.h">
      <Filter>bullet3\BulletDynamics\ConstraintSolver</Filter>
    </ClInclude>
    <ClInclude Include="bullet3\src\BulletDynamics\ConstraintSolver\btFixedConstraint.h">
      <Filter>bullet3\BulletDynamics\ConstraintSolver</Filter>
    </ClInclude>
    <ClInclude Include="bullet3\src\BulletDynamics\ConstraintSolver\btGearConstraint.h">
      <Filter>bullet3\BulletDynamics\ConstraintSolver</Filter>
    </ClInclude>
    <ClInclude Include="bullet3\src\BulletDynamics\ConstraintSolver\btGeneric6DofConstraint.h">
      <Filter>bullet3\BulletDynamics\ConstraintSolver</Filter>
    </ClInclude>
    <ClInclude Include="bullet3\src\BulletDynamics\ConstraintSolver\btGeneric6DofSpring2Constraint.h">
      <Filter>bullet3\BulletDynamics\ConstraintSolver</Filter>
    </ClInclude>
    <ClInclude Include="bullet3\src\BulletDynamics\ConstraintSolver\btGeneric6DofSpringConstraint.h">
      <Filter>bullet3\BulletDynamics\ConstraintSolver</Filter>
    </ClInclude>
    <ClInclude Include="bullet3\src\BulletDynamics\ConstraintSolver\btHinge2Constraint.h">
      <Filter>bullet3\BulletDynamics\ConstraintSolver</Filter>
    </ClInclude>
    <ClInclude Include="bullet3\src\BulletDynamics\ConstraintSolver\btHingeConstraint.h">
      <Filter>bullet3\BulletDynamics\ConstraintSolver</Filter>
    </ClInclude>
    <ClInclude Include="bullet3\src\BulletDynamics\ConstraintSolver\btJacobianEntry.h">
      <Filter>bullet3\BulletDynamics\ConstraintSolver</Filter>
    </ClInclude>
    <ClInclude Include="bullet3\src\BulletDynamics\ConstraintSolver\btNNCGConstraintSolver.h">
      <Filter>bullet3\BulletDynamics\ConstraintSolver</Filter>
    </ClInclude>
    <ClInclude Include="bullet3\src\BulletDynamics\ConstraintSolver\btPoint2PointConstraint.h">
      <Filter>bullet3\BulletDynamics\ConstraintSolver</Filter>
    </ClInclude>
    <ClInclude Include="bullet3\src\BulletDynamics\ConstraintSolver\btSequentialImpulseConstraintSolver.h">
      <Filter>bullet3\BulletDynamics\ConstraintSolver</Filter>
    </ClInclude>
    <ClInclude Include="bullet3\src\BulletDynamics\ConstraintSolver\btSequentialImpulseConstraintSolverMt.h">
      <Filter>bullet3\BulletDynamics\ConstraintSolver</Filter>
    </ClInclude>
    <ClInclude Include="bullet3\src\BulletDynamics\ConstraintSolver\btSliderConstraint.h">
      <Filter>bullet3\BulletDynamics\ConstraintSolver</Filter>
    </ClInclude>
    <ClInclude Include="bullet3\src\BulletDynamics\ConstraintSolver\btSolve2LinearConstraint.h">
      <Filter>bullet3\BulletDynamics\ConstraintSolver</Filter>
    </ClInclude>
    <ClInclude Include="bullet3\src\BulletDynamics\ConstraintSolver\btSolverBody.h">
      <Filter>bullet3\BulletDynamics\ConstraintSolver</Filter>
    </ClInclude>
    <ClInclude Include="bullet3\src\BulletDynamics\ConstraintSolver\btSolverConstraint.h">
      <Filter>bullet3\BulletDynamics\ConstraintSolver</Filter>
    </ClInclude>
    <ClInclude Include="bullet3\src\BulletDynamics\ConstraintSolver\btTypedConstraint.h">
      <Filter>bullet3\BulletDynamics\ConstraintSolver</Filter>
    </ClInclude>
    <ClInclude Include="bullet3\src\BulletDynamics\ConstraintSolver\btUniversalConstraint.h">
      <Filter>bullet3\BulletDynamics\ConstraintSolver</Filter>
    </ClInclude>
    <ClInclude Include="bullet3\src\BulletDynamics\Dynamics\btActionInterface.h">
      <Filter>bullet3\BulletDynamics\Dynamics</Filter>
    </ClInclude>
    <ClInclude Include="bullet3\src\BulletDynamics\Dynamics\btDiscreteDynamicsWorld.h">
      <Filter>bullet3\BulletDynamics\Dynamics</Filter>
    </ClInclude>
    <ClInclude Include="bullet3\src\BulletDynamics\Dynamics\btDiscreteDynamicsWorldMt.h">
      <Filter>bullet3\BulletDynamics\Dynamics</Filter>
    </ClInclude>
    <ClInclude Include="bullet3\src\BulletDynamics\Dynamics\btDynamicsWorld.h">
      <Filter>bullet3\BulletDynamics\Dynamics</Filter>
    </ClInclude>
    <ClInclude Include="bullet3\src\BulletDynamics\Dynamics\btRigidBody.h">
      <Filter>bullet3\BulletDynamics\Dynamics</Filter>
    </ClInclude>
    <ClInclude Include="bullet3\src\BulletDynamics\Dynamics\btSimpleDynamicsWorld.h">
      <Filter>bullet3\BulletDynamics\Dynamics</Filter>
    </ClInclude>
    <ClInclude Include="bullet3\src\BulletDynamics\Dynamics\btSimulationIslandManagerMt.h">
      <Filter>bullet3\BulletDynamics\Dynamics</Filter>
    </ClInclude>
    <ClInclude Include="bullet3\src\BulletDynamics\Featherstone\btMultiBody.h">
      <Filter>bullet3\BulletDynamics\Featherstone</Filter>
    </ClInclude>
    <ClInclude Include="bullet3\src\BulletDynamics\Featherstone\btMultiBodyConstraint.h">
      <Filter>bullet3\BulletDynamics\Featherstone</Filter>
    </ClInclude>
    <ClInclude Include="bullet3\src\BulletDynamics\Featherstone\btMultiBodyConstraintSolver.h">
      <Filter>bullet3\BulletDynamics\Featherstone</Filter>
    </ClInclude>
    <ClInclude Include="bullet3\src\BulletDynamics\Featherstone\btMultiBodyDynamicsWorld.h">
      <Filter>bullet3\BulletDynamics\Featherstone</Filter>
    </ClInclude>
    <ClInclude Include="bullet3\src\BulletDynamics\Featherstone\btMultiBodyFixedConstraint.h">
      <Filter>bullet3\BulletDynamics\Featherstone</Filter>
    </ClInclude>
    <ClInclude Include="bullet3\src\BulletDynamics\Featherstone\btMultiBodyGearConstraint.h">
      <Filter>bullet3\BulletDynamics\Featherstone</Filter>
    </ClInclude>
    <ClInclude Include="bullet3\src\BulletDynamics\Featherstone\btMultiBodyInplaceSolverIslandCallback.h">
      <Filter>bullet3\BulletDynamics\Featherstone</Filter>
    </ClInclude>
    <ClInclude Include="bullet3\src\BulletDynamics\Featherstone\btMultiBodyJointFeedback.h">
      <Filter>bullet3\BulletDynamics\Featherstone</Filter>
    </ClInclude>
    <ClInclude Include="bullet3\src\BulletDynamics\Featherstone\btMultiBodyJointLimitConstraint.h">
      <Filter>bullet3\BulletDynamics\Featherstone</Filter>
    </ClInclude>
    <ClInclude Include="bullet3\src\BulletDynamics\Featherstone\btMultiBodyJointMotor.h">
      <Filter>bullet3\BulletDynamics\Featherstone</Filter>
    </ClInclude>
    <ClInclude Include="bullet3\src\BulletDynamics\Featherstone\btMultiBodyLink.h">
      <Filter>bullet3\BulletDynamics\Featherstone</Filter>
    </ClInclude>
    <ClInclude Include="bullet3\src\BulletDynamics\Featherstone\btMultiBodyLinkCollider.h">
      <Filter>bullet3\BulletDynamics\Featherstone</Filter>
    </ClInclude>
    <ClInclude Include="bullet3\src\BulletDynamics\Featherstone\btMultiBodyMLCPConstraintSolver.h">
      <Filter>bullet3\BulletDynamics\Featherstone</Filter>
    </ClInclude>
    <ClInclude Include="bullet3\src\BulletDynamics\Featherstone\btMultiBodyPoint2Point.h">
      <Filter>bullet3\BulletDynamics\Featherstone</Filter>
    </ClInclude>
    <ClInclude Include="bullet3\src\BulletDynamics\Featherstone\btMultiBodySliderConstraint.h">
      <Filter>bullet3\BulletDynamics\Featherstone</Filter>
    </ClInclude>
    <ClInclude Include="bullet3\src\BulletDynamics\Featherstone\btMultiBodySolverConstraint.h">
      <Filter>bullet3\BulletDynamics\Featherstone</Filter>
    </ClInclude>
    <ClInclude Include="bullet3\src\BulletDynamics\Featherstone\btMultiBodySphericalJointLimit.h">
      <Filter>bullet3\BulletDynamics\Featherstone</Filter>
    </ClInclude>
    <ClInclude Include="bullet3\src\BulletDynamics\Featherstone\btMultiBodySphericalJointMotor.h">
      <Filter>bullet3\BulletDynamics\Featherstone</Filter>
    </ClInclude>
    <ClInclude Include="bullet3\src\BulletDynamics\MLCPSolvers\btDantzigLCP.h">
      <Filter>bullet3\BulletDynamics\MLCPSolvers</Filter>
    </ClInclude>
    <ClInclude Include="bullet3\src\BulletDynamics\MLCPSolvers\btDantzigSolver.h">
      <Filter>bullet3\BulletDynamics\MLCPSolvers</Filter>
    </ClInclude>
    <ClInclude Include="bullet3\src\BulletDynamics\MLCPSolvers\btLemkeAlgorithm.h">
      <Filter>bullet3\BulletDynamics\MLCPSolvers</Filter>
    </ClInclude>
    <ClInclude Include="bullet3\src\BulletDynamics\MLCPSolvers\btLemkeSolver.h">
      <Filter>bullet3\BulletDynamics\MLCPSolvers</Filter>
    </ClInclude>
    <ClInclude Include="bullet3\src\BulletDynamics\MLCPSolvers\btMLCPSolver.h">
      <Filter>bullet3\BulletDynamics\MLCPSolvers</Filter>
    </ClInclude>
    <ClInclude Include="bullet3\src\BulletDynamics\MLCPSolvers\btMLCPSolverInterface.h">
      <Filter>bullet3\BulletDynamics\MLCPSolvers</Filter>
    </ClInclude>
    <ClInclude Include="bullet3\src\BulletDynamics\MLCPSolvers\btPATHSolver.h">
      <Filter>bullet3\BulletDynamics\MLCPSolvers</Filter>
    </ClInclude>
    <ClInclude Include="bullet3\src\BulletDynamics\MLCPSolvers\btSolveProjectedGaussSeidel.h">
      <Filter>bullet3\BulletDynamics\MLCPSolvers</Filter>
    </ClInclude>
    <ClInclude Include="bullet3\src\BulletDynamics\Vehicle\btRaycastVehicle.h">
      <Filter>bullet3\BulletDynamics\Vehicle</Filter>
    </ClInclude>
    <ClInclude Include="bullet3\src\BulletDynamics\Vehicle\btVehicleRaycaster.h">
      <Filter>bullet3\BulletDynamics\Vehicle</Filter>
    </ClInclude>
    <ClInclude Include="bullet3\src\BulletDynamics\Vehicle\btWheelInfo.h">
      <Filter>bullet3\BulletDynamics\Vehicle</Filter>
    </ClInclude>
  </ItemGroup>
  <ItemGroup>
    <Filter Include="bullet3">
      <UniqueIdentifier>{3ef20256-f3e5-4633-9334-c3d230571b40}</UniqueIdentifier>
    </Filter>
    <Filter Include="bullet3\BulletCollision">
      <UniqueIdentifier>{34040d92-5c03-475a-bd4d-6a69e4e203a7}</UniqueIdentifier>
    </Filter>
    <Filter Include="bullet3\BulletDynamics">
      <UniqueIdentifier>{90ac44c0-c054-46a8-b866-c8546546ae55}</UniqueIdentifier>
    </Filter>
    <Filter Include="bullet3\LinearMath">
      <UniqueIdentifier>{f66eae8f-79de-4382-9a79-de77f456dfd3}</UniqueIdentifier>
    </Filter>
    <Filter Include="bullet3\LinearMath\TaskScheduler">
      <UniqueIdentifier>{0a133c28-7c08-4d33-a052-7310f6014302}</UniqueIdentifier>
    </Filter>
    <Filter Include="bullet3\BulletCollision\BroadphaseCollision">
      <UniqueIdentifier>{8f9f9740-0e7f-46a3-9e1d-edc417e1eb37}</UniqueIdentifier>
    </Filter>
    <Filter Include="bullet3\BulletCollision\CollisionDispatch">
      <UniqueIdentifier>{8eb3c6c2-7ada-4e2a-97da-39c4865a7cca}</UniqueIdentifier>
    </Filter>
    <Filter Include="bullet3\BulletCollision\Gimpact">
      <UniqueIdentifier>{2bb1e141-b552-4b65-b21e-944c864a342e}</UniqueIdentifier>
    </Filter>
    <Filter Include="bullet3\BulletCollision\NarrowPhaseCollision">
      <UniqueIdentifier>{b2200de6-9033-4f6c-9892-170148a72057}</UniqueIdentifier>
    </Filter>
    <Filter Include="bullet3\BulletCollision\CollisionShapes">
      <UniqueIdentifier>{0fc6cd73-f9c5-43a1-8c95-7c0d6aa6ee02}</UniqueIdentifier>
    </Filter>
    <Filter Include="bullet3\BulletDynamics\Character">
      <UniqueIdentifier>{84bf672e-0fc5-4d79-a3e4-42bc0bbb52d3}</UniqueIdentifier>
    </Filter>
    <Filter Include="bullet3\BulletDynamics\ConstraintSolver">
      <UniqueIdentifier>{8646c5cc-3c6b-4bfe-a458-88c837536fe9}</UniqueIdentifier>
    </Filter>
    <Filter Include="bullet3\BulletDynamics\Dynamics">
      <UniqueIdentifier>{7a09b6d0-7726-45d5-ae26-d0d0601a989e}</UniqueIdentifier>
    </Filter>
    <Filter Include="bullet3\BulletDynamics\Featherstone">
      <UniqueIdentifier>{928cc748-6d4b-4c48-9c94-9fd3d9337438}</UniqueIdentifier>
    </Filter>
    <Filter Include="bullet3\BulletDynamics\MLCPSolvers">
      <UniqueIdentifier>{ff1a45e3-8c04-4c23-9458-efa6968fe2c6}</UniqueIdentifier>
    </Filter>
    <Filter Include="bullet3\BulletDynamics\Vehicle">
      <UniqueIdentifier>{030aacf2-38d3-489b-88c0-54c511a8495c}</UniqueIdentifier>
    </Filter>
  </ItemGroup>
  <ItemGroup>
    <ClCompile Include="bullet3\src\LinearMath\btAlignedAllocator.cpp">
      <Filter>bullet3\LinearMath</Filter>
    </ClCompile>
    <ClCompile Include="bullet3\src\LinearMath\btConvexHull.cpp">
      <Filter>bullet3\LinearMath</Filter>
    </ClCompile>
    <ClCompile Include="bullet3\src\LinearMath\btConvexHullComputer.cpp">
      <Filter>bullet3\LinearMath</Filter>
    </ClCompile>
    <ClCompile Include="bullet3\src\LinearMath\btGeometryUtil.cpp">
      <Filter>bullet3\LinearMath</Filter>
    </ClCompile>
    <ClCompile Include="bullet3\src\LinearMath\btPolarDecomposition.cpp">
      <Filter>bullet3\LinearMath</Filter>
    </ClCompile>
    <ClCompile Include="bullet3\src\LinearMath\btQuickprof.cpp">
      <Filter>bullet3\LinearMath</Filter>
    </ClCompile>
    <ClCompile Include="bullet3\src\LinearMath\btReducedVector.cpp">
      <Filter>bullet3\LinearMath</Filter>
    </ClCompile>
    <ClCompile Include="bullet3\src\LinearMath\btSerializer.cpp">
      <Filter>bullet3\LinearMath</Filter>
    </ClCompile>
    <ClCompile Include="bullet3\src\LinearMath\btSerializer64.cpp">
      <Filter>bullet3\LinearMath</Filter>
    </ClCompile>
    <ClCompile Include="bullet3\src\LinearMath\btThreads.cpp">
      <Filter>bullet3\LinearMath</Filter>
    </ClCompile>
    <ClCompile Include="bullet3\src\LinearMath\btVector3.cpp">
      <Filter>bullet3\LinearMath</Filter>
    </ClCompile>
    <ClCompile Include="bullet3\src\LinearMath\TaskScheduler\btTaskScheduler.cpp">
      <Filter>bullet3\LinearMath\TaskScheduler</Filter>
    </ClCompile>
    <ClCompile Include="bullet3\src\LinearMath\TaskScheduler\btThreadSupportPosix.cpp">
      <Filter>bullet3\LinearMath\TaskScheduler</Filter>
    </ClCompile>
    <ClCompile Include="bullet3\src\LinearMath\TaskScheduler\btThreadSupportWin32.cpp">
      <Filter>bullet3\LinearMath\TaskScheduler</Filter>
    </ClCompile>
    <ClCompile Include="bullet3\src\BulletCollision\BroadphaseCollision\btAxisSweep3.cpp">
      <Filter>bullet3\BulletCollision\BroadphaseCollision</Filter>
    </ClCompile>
    <ClCompile Include="bullet3\src\BulletCollision\BroadphaseCollision\btBroadphaseProxy.cpp">
      <Filter>bullet3\BulletCollision\BroadphaseCollision</Filter>
    </ClCompile>
    <ClCompile Include="bullet3\src\BulletCollision\BroadphaseCollision\btCollisionAlgorithm.cpp">
      <Filter>bullet3\BulletCollision\BroadphaseCollision</Filter>
    </ClCompile>
    <ClCompile Include="bullet3\src\BulletCollision\BroadphaseCollision\btDbvt.cpp">
      <Filter>bullet3\BulletCollision\BroadphaseCollision</Filter>
    </ClCompile>
    <ClCompile Include="bullet3\src\BulletCollision\BroadphaseCollision\btDbvtBroadphase.cpp">
      <Filter>bullet3\BulletCollision\BroadphaseCollision</Filter>
    </ClCompile>
    <ClCompile Include="bullet3\src\BulletCollision\BroadphaseCollision\btDispatcher.cpp">
      <Filter>bullet3\BulletCollision\BroadphaseCollision</Filter>
    </ClCompile>
    <ClCompile Include="bullet3\src\BulletCollision\BroadphaseCollision\btOverlappingPairCache.cpp">
      <Filter>bullet3\BulletCollision\BroadphaseCollision</Filter>
    </ClCompile>
    <ClCompile Include="bullet3\src\BulletCollision\BroadphaseCollision\btQuantizedBvh.cpp">
      <Filter>bullet3\BulletCollision\BroadphaseCollision</Filter>
    </ClCompile>
    <ClCompile Include="bullet3\src\BulletCollision\BroadphaseCollision\btSimpleBroadphase.cpp">
      <Filter>bullet3\BulletCollision\BroadphaseCollision</Filter>
    </ClCompile>
    <ClCompile Include="bullet3\src\BulletCollision\CollisionDispatch\btActivatingCollisionAlgorithm.cpp">
      <Filter>bullet3\BulletCollision\CollisionDispatch</Filter>
    </ClCompile>
    <ClCompile Include="bullet3\src\BulletCollision\CollisionDispatch\btBox2dBox2dCollisionAlgorithm.cpp">
      <Filter>bullet3\BulletCollision\CollisionDispatch</Filter>
    </ClCompile>
    <ClCompile Include="bullet3\src\BulletCollision\CollisionDispatch\btBoxBoxCollisionAlgorithm.cpp">
      <Filter>bullet3\BulletCollision\CollisionDispatch</Filter>
    </ClCompile>
    <ClCompile Include="bullet3\src\BulletCollision\CollisionDispatch\btBoxBoxDetector.cpp">
      <Filter>bullet3\BulletCollision\CollisionDispatch</Filter>
    </ClCompile>
    <ClCompile Include="bullet3\src\BulletCollision\CollisionDispatch\btCollisionDispatcher.cpp">
      <Filter>bullet3\BulletCollision\CollisionDispatch</Filter>
    </ClCompile>
    <ClCompile Include="bullet3\src\BulletCollision\CollisionDispatch\btCollisionDispatcherMt.cpp">
      <Filter>bullet3\BulletCollision\CollisionDispatch</Filter>
    </ClCompile>
    <ClCompile Include="bullet3\src\BulletCollision\CollisionDispatch\btCollisionObject.cpp">
      <Filter>bullet3\BulletCollision\CollisionDispatch</Filter>
    </ClCompile>
    <ClCompile Include="bullet3\src\BulletCollision\CollisionDispatch\btCollisionWorld.cpp">
      <Filter>bullet3\BulletCollision\CollisionDispatch</Filter>
    </ClCompile>
    <ClCompile Include="bullet3\src\BulletCollision\CollisionDispatch\btCollisionWorldImporter.cpp">
      <Filter>bullet3\BulletCollision\CollisionDispatch</Filter>
    </ClCompile>
    <ClCompile Include="bullet3\src\BulletCollision\CollisionDispatch\btCompoundCollisionAlgorithm.cpp">
      <Filter>bullet3\BulletCollision\CollisionDispatch</Filter>
    </ClCompile>
    <ClCompile Include="bullet3\src\BulletCollision\CollisionDispatch\btCompoundCompoundCollisionAlgorithm.cpp">
      <Filter>bullet3\BulletCollision\CollisionDispatch</Filter>
    </ClCompile>
    <ClCompile Include="bullet3\src\BulletCollision\CollisionDispatch\btConvex2dConvex2dAlgorithm.cpp">
      <Filter>bullet3\BulletCollision\CollisionDispatch</Filter>
    </ClCompile>
    <ClCompile Include="bullet3\src\BulletCollision\CollisionDispatch\btConvexConcaveCollisionAlgorithm.cpp">
      <Filter>bullet3\BulletCollision\CollisionDispatch</Filter>
    </ClCompile>
    <ClCompile Include="bullet3\src\BulletCollision\CollisionDispatch\btConvexConvexAlgorithm.cpp">
      <Filter>bullet3\BulletCollision\CollisionDispatch</Filter>
    </ClCompile>
    <ClCompile Include="bullet3\src\BulletCollision\CollisionDispatch\btConvexPlaneCollisionAlgorithm.cpp">
      <Filter>bullet3\BulletCollision\CollisionDispatch</Filter>
    </ClCompile>
    <ClCompile Include="bullet3\src\BulletCollision\CollisionDispatch\btDefaultCollisionConfiguration.cpp">
      <Filter>bullet3\BulletCollision\CollisionDispatch</Filter>
    </ClCompile>
    <ClCompile Include="bullet3\src\BulletCollision\CollisionDispatch\btEmptyCollisionAlgorithm.cpp">
      <Filter>bullet3\BulletCollision\CollisionDispatch</Filter>
    </ClCompile>
    <ClCompile Include="bullet3\src\BulletCollision\CollisionDispatch\btGhostObject.cpp">
      <Filter>bullet3\BulletCollision\CollisionDispatch</Filter>
    </ClCompile>
    <ClCompile Include="bullet3\src\BulletCollision\CollisionDispatch\btHashedSimplePairCache.cpp">
      <Filter>bullet3\BulletCollision\CollisionDispatch</Filter>
    </ClCompile>
    <ClCompile Include="bullet3\src\BulletCollision\CollisionDispatch\btInternalEdgeUtility.cpp">
      <Filter>bullet3\BulletCollision\CollisionDispatch</Filter>
    </ClCompile>
    <ClCompile Include="bullet3\src\BulletCollision\CollisionDispatch\btManifoldResult.cpp">
      <Filter>bullet3\BulletCollision\CollisionDispatch</Filter>
    </ClCompile>
    <ClCompile Include="bullet3\src\BulletCollision\CollisionDispatch\btSimulationIslandManager.cpp">
      <Filter>bullet3\BulletCollision\CollisionDispatch</Filter>
    </ClCompile>
    <ClCompile Include="bullet3\src\BulletCollision\CollisionDispatch\btSphereBoxCollisionAlgorithm.cpp">
      <Filter>bullet3\BulletCollision\CollisionDispatch</Filter>
    </ClCompile>
    <ClCompile Include="bullet3\src\BulletCollision\CollisionDispatch\btSphereSphereCollisionAlgorithm.cpp">
      <Filter>bullet3\BulletCollision\CollisionDispatch</Filter>
    </ClCompile>
    <ClCompile Include="bullet3\src\BulletCollision\CollisionDispatch\btSphereTriangleCollisionAlgorithm.cpp">
      <Filter>bullet3\BulletCollision\CollisionDispatch</Filter>
    </ClCompile>
    <ClCompile Include="bullet3\src\BulletCollision\CollisionDispatch\btUnionFind.cpp">
      <Filter>bullet3\BulletCollision\CollisionDispatch</Filter>
    </ClCompile>
    <ClCompile Include="bullet3\src\BulletCollision\CollisionDispatch\SphereTriangleDetector.cpp">
      <Filter>bullet3\BulletCollision\CollisionDispatch</Filter>
    </ClCompile>
    <ClCompile Include="bullet3\src\BulletCollision\CollisionShapes\btBox2dShape.cpp">
      <Filter>bullet3\BulletCollision\CollisionShapes</Filter>
    </ClCompile>
    <ClCompile Include="bullet3\src\BulletCollision\CollisionShapes\btBoxShape.cpp">
      <Filter>bullet3\BulletCollision\CollisionShapes</Filter>
    </ClCompile>
    <ClCompile Include="bullet3\src\BulletCollision\CollisionShapes\btBvhTriangleMeshShape.cpp">
      <Filter>bullet3\BulletCollision\CollisionShapes</Filter>
    </ClCompile>
    <ClCompile Include="bullet3\src\BulletCollision\CollisionShapes\btCapsuleShape.cpp">
      <Filter>bullet3\BulletCollision\CollisionShapes</Filter>
    </ClCompile>
    <ClCompile Include="bullet3\src\BulletCollision\CollisionShapes\btCollisionShape.cpp">
      <Filter>bullet3\BulletCollision\CollisionShapes</Filter>
    </ClCompile>
    <ClCompile Include="bullet3\src\BulletCollision\CollisionShapes\btCompoundShape.cpp">
      <Filter>bullet3\BulletCollision\CollisionShapes</Filter>
    </ClCompile>
    <ClCompile Include="bullet3\src\BulletCollision\CollisionShapes\btConcaveShape.cpp">
      <Filter>bullet3\BulletCollision\CollisionShapes</Filter>
    </ClCompile>
    <ClCompile Include="bullet3\src\BulletCollision\CollisionShapes\btConeShape.cpp">
      <Filter>bullet3\BulletCollision\CollisionShapes</Filter>
    </ClCompile>
    <ClCompile Include="bullet3\src\BulletCollision\CollisionShapes\btConvex2dShape.cpp">
      <Filter>bullet3\BulletCollision\CollisionShapes</Filter>
    </ClCompile>
    <ClCompile Include="bullet3\src\BulletCollision\CollisionShapes\btConvexHullShape.cpp">
      <Filter>bullet3\BulletCollision\CollisionShapes</Filter>
    </ClCompile>
    <ClCompile Include="bullet3\src\BulletCollision\CollisionShapes\btConvexInternalShape.cpp">
      <Filter>bullet3\BulletCollision\CollisionShapes</Filter>
    </ClCompile>
    <ClCompile Include="bullet3\src\BulletCollision\CollisionShapes\btConvexPointCloudShape.cpp">
      <Filter>bullet3\BulletCollision\CollisionShapes</Filter>
    </ClCompile>
    <ClCompile Include="bullet3\src\BulletCollision\CollisionShapes\btConvexPolyhedron.cpp">
      <Filter>bullet3\BulletCollision\CollisionShapes</Filter>
    </ClCompile>
    <ClCompile Include="bullet3\src\BulletCollision\CollisionShapes\btConvexShape.cpp">
      <Filter>bullet3\BulletCollision\CollisionShapes</Filter>
    </ClCompile>
    <ClCompile Include="bullet3\src\BulletCollision\CollisionShapes\btConvexTriangleMeshShape.cpp">
      <Filter>bullet3\BulletCollision\CollisionShapes</Filter>
    </ClCompile>
    <ClCompile Include="bullet3\src\BulletCollision\CollisionShapes\btCylinderShape.cpp">
      <Filter>bullet3\BulletCollision\CollisionShapes</Filter>
    </ClCompile>
    <ClCompile Include="bullet3\src\BulletCollision\CollisionShapes\btEmptyShape.cpp">
      <Filter>bullet3\BulletCollision\CollisionShapes</Filter>
    </ClCompile>
    <ClCompile Include="bullet3\src\BulletCollision\CollisionShapes\btHeightfieldTerrainShape.cpp">
      <Filter>bullet3\BulletCollision\CollisionShapes</Filter>
    </ClCompile>
    <ClCompile Include="bullet3\src\BulletCollision\CollisionShapes\btMiniSDF.cpp">
      <Filter>bullet3\BulletCollision\CollisionShapes</Filter>
    </ClCompile>
    <ClCompile Include="bullet3\src\BulletCollision\CollisionShapes\btMinkowskiSumShape.cpp">
      <Filter>bullet3\BulletCollision\CollisionShapes</Filter>
    </ClCompile>
    <ClCompile Include="bullet3\src\BulletCollision\CollisionShapes\btMultimaterialTriangleMeshShape.cpp">
      <Filter>bullet3\BulletCollision\CollisionShapes</Filter>
    </ClCompile>
    <ClCompile Include="bullet3\src\BulletCollision\CollisionShapes\btMultiSphereShape.cpp">
      <Filter>bullet3\BulletCollision\CollisionShapes</Filter>
    </ClCompile>
    <ClCompile Include="bullet3\src\BulletCollision\CollisionShapes\btOptimizedBvh.cpp">
      <Filter>bullet3\BulletCollision\CollisionShapes</Filter>
    </ClCompile>
    <ClCompile Include="bullet3\src\BulletCollision\CollisionShapes\btPolyhedralConvexShape.cpp">
      <Filter>bullet3\BulletCollision\CollisionShapes</Filter>
    </ClCompile>
    <ClCompile Include="bullet3\src\BulletCollision\CollisionShapes\btScaledBvhTriangleMeshShape.cpp">
      <Filter>bullet3\BulletCollision\CollisionShapes</Filter>
    </ClCompile>
    <ClCompile Include="bullet3\src\BulletCollision\CollisionShapes\btSdfCollisionShape.cpp">
      <Filter>bullet3\BulletCollision\CollisionShapes</Filter>
    </ClCompile>
    <ClCompile Include="bullet3\src\BulletCollision\CollisionShapes\btShapeHull.cpp">
      <Filter>bullet3\BulletCollision\CollisionShapes</Filter>
    </ClCompile>
    <ClCompile Include="bullet3\src\BulletCollision\CollisionShapes\btSphereShape.cpp">
      <Filter>bullet3\BulletCollision\CollisionShapes</Filter>
    </ClCompile>
    <ClCompile Include="bullet3\src\BulletCollision\CollisionShapes\btStaticPlaneShape.cpp">
      <Filter>bullet3\BulletCollision\CollisionShapes</Filter>
    </ClCompile>
    <ClCompile Include="bullet3\src\BulletCollision\CollisionShapes\btStridingMeshInterface.cpp">
      <Filter>bullet3\BulletCollision\CollisionShapes</Filter>
    </ClCompile>
    <ClCompile Include="bullet3\src\BulletCollision\CollisionShapes\btTetrahedronShape.cpp">
      <Filter>bullet3\BulletCollision\CollisionShapes</Filter>
    </ClCompile>
    <ClCompile Include="bullet3\src\BulletCollision\CollisionShapes\btTriangleBuffer.cpp">
      <Filter>bullet3\BulletCollision\CollisionShapes</Filter>
    </ClCompile>
    <ClCompile Include="bullet3\src\BulletCollision\CollisionShapes\btTriangleCallback.cpp">
      <Filter>bullet3\BulletCollision\CollisionShapes</Filter>
    </ClCompile>
    <ClCompile Include="bullet3\src\BulletCollision\CollisionShapes\btTriangleIndexVertexArray.cpp">
      <Filter>bullet3\BulletCollision\CollisionShapes</Filter>
    </ClCompile>
    <ClCompile Include="bullet3\src\BulletCollision\CollisionShapes\btTriangleIndexVertexMaterialArray.cpp">
      <Filter>bullet3\BulletCollision\CollisionShapes</Filter>
    </ClCompile>
    <ClCompile Include="bullet3\src\BulletCollision\CollisionShapes\btTriangleMesh.cpp">
      <Filter>bullet3\BulletCollision\CollisionShapes</Filter>
    </ClCompile>
    <ClCompile Include="bullet3\src\BulletCollision\CollisionShapes\btTriangleMeshShape.cpp">
      <Filter>bullet3\BulletCollision\CollisionShapes</Filter>
    </ClCompile>
    <ClCompile Include="bullet3\src\BulletCollision\CollisionShapes\btUniformScalingShape.cpp">
      <Filter>bullet3\BulletCollision\CollisionShapes</Filter>
    </ClCompile>
    <ClCompile Include="bullet3\src\BulletCollision\Gimpact\btContactProcessing.cpp">
      <Filter>bullet3\BulletCollision\Gimpact</Filter>
    </ClCompile>
    <ClCompile Include="bullet3\src\BulletCollision\Gimpact\btGenericPoolAllocator.cpp">
      <Filter>bullet3\BulletCollision\Gimpact</Filter>
    </ClCompile>
    <ClCompile Include="bullet3\src\BulletCollision\Gimpact\btGImpactBvh.cpp">
      <Filter>bullet3\BulletCollision\Gimpact</Filter>
    </ClCompile>
    <ClCompile Include="bullet3\src\BulletCollision\Gimpact\btGImpactCollisionAlgorithm.cpp">
      <Filter>bullet3\BulletCollision\Gimpact</Filter>
    </ClCompile>
    <ClCompile Include="bullet3\src\BulletCollision\Gimpact\btGImpactQuantizedBvh.cpp">
      <Filter>bullet3\BulletCollision\Gimpact</Filter>
    </ClCompile>
    <ClCompile Include="bullet3\src\BulletCollision\Gimpact\btGImpactShape.cpp">
      <Filter>bullet3\BulletCollision\Gimpact</Filter>
    </ClCompile>
    <ClCompile Include="bullet3\src\BulletCollision\Gimpact\btTriangleShapeEx.cpp">
      <Filter>bullet3\BulletCollision\Gimpact</Filter>
    </ClCompile>
    <ClCompile Include="bullet3\src\BulletCollision\Gimpact\gim_box_set.cpp">
      <Filter>bullet3\BulletCollision\Gimpact</Filter>
    </ClCompile>
    <ClCompile Include="bullet3\src\BulletCollision\Gimpact\gim_contact.cpp">
      <Filter>bullet3\BulletCollision\Gimpact</Filter>
    </ClCompile>
    <ClCompile Include="bullet3\src\BulletCollision\Gimpact\gim_memory.cpp">
      <Filter>bullet3\BulletCollision\Gimpact</Filter>
    </ClCompile>
    <ClCompile Include="bullet3\src\BulletCollision\Gimpact\gim_tri_collision.cpp">
      <Filter>bullet3\BulletCollision\Gimpact</Filter>
    </ClCompile>
    <ClCompile Include="bullet3\src\BulletCollision\NarrowPhaseCollision\btContinuousConvexCollision.cpp">
      <Filter>bullet3\BulletCollision\NarrowPhaseCollision</Filter>
    </ClCompile>
    <ClCompile Include="bullet3\src\BulletCollision\NarrowPhaseCollision\btConvexCast.cpp">
      <Filter>bullet3\BulletCollision\NarrowPhaseCollision</Filter>
    </ClCompile>
    <ClCompile Include="bullet3\src\BulletCollision\NarrowPhaseCollision\btGjkConvexCast.cpp">
      <Filter>bullet3\BulletCollision\NarrowPhaseCollision</Filter>
    </ClCompile>
    <ClCompile Include="bullet3\src\BulletCollision\NarrowPhaseCollision\btGjkEpa2.cpp">
      <Filter>bullet3\BulletCollision\NarrowPhaseCollision</Filter>
    </ClCompile>
    <ClCompile Include="bullet3\src\BulletCollision\NarrowPhaseCollision\btGjkEpaPenetrationDepthSolver.cpp">
      <Filter>bullet3\BulletCollision\NarrowPhaseCollision</Filter>
    </ClCompile>
    <ClCompile Include="bullet3\src\BulletCollision\NarrowPhaseCollision\btGjkPairDetector.cpp">
      <Filter>bullet3\BulletCollision\NarrowPhaseCollision</Filter>
    </ClCompile>
    <ClCompile Include="bullet3\src\BulletCollision\NarrowPhaseCollision\btMinkowskiPenetrationDepthSolver.cpp">
      <Filter>bullet3\BulletCollision\NarrowPhaseCollision</Filter>
    </ClCompile>
    <ClCompile Include="bullet3\src\BulletCollision\NarrowPhaseCollision\btPersistentManifold.cpp">
      <Filter>bullet3\BulletCollision\NarrowPhaseCollision</Filter>
    </ClCompile>
    <ClCompile Include="bullet3\src\BulletCollision\NarrowPhaseCollision\btPolyhedralContactClipping.cpp">
      <Filter>bullet3\BulletCollision\NarrowPhaseCollision</Filter>
    </ClCompile>
    <ClCompile Include="bullet3\src\BulletCollision\NarrowPhaseCollision\btRaycastCallback.cpp">
      <Filter>bullet3\BulletCollision\NarrowPhaseCollision</Filter>
    </ClCompile>
    <ClCompile Include="bullet3\src\BulletCollision\NarrowPhaseCollision\btSubSimplexConvexCast.cpp">
      <Filter>bullet3\BulletCollision\NarrowPhaseCollision</Filter>
    </ClCompile>
    <ClCompile Include="bullet3\src\BulletCollision\NarrowPhaseCollision\btVoronoiSimplexSolver.cpp">
      <Filter>bullet3\BulletCollision\NarrowPhaseCollision</Filter>
    </ClCompile>
    <ClCompile Include="bullet3\src\BulletDynamics\Character\btKinematicCharacterController.cpp">
      <Filter>bullet3\BulletDynamics\Character</Filter>
    </ClCompile>
    <ClCompile Include="bullet3\src\BulletDynamics\ConstraintSolver\btBatchedConstraints.cpp">
      <Filter>bullet3\BulletDynamics\ConstraintSolver</Filter>
    </ClCompile>
    <ClCompile Include="bullet3\src\BulletDynamics\ConstraintSolver\btConeTwistConstraint.cpp">
      <Filter>bullet3\BulletDynamics\ConstraintSolver</Filter>
    </ClCompile>
    <ClCompile Include="bullet3\src\BulletDynamics\ConstraintSolver\btContactConstraint.cpp">
      <Filter>bullet3\BulletDynamics\ConstraintSolver</Filter>
    </ClCompile>
    <ClCompile Include="bullet3\src\BulletDynamics\ConstraintSolver\btFixedConstraint.cpp">
      <Filter>bullet3\BulletDynamics\ConstraintSolver</Filter>
    </ClCompile>
    <ClCompile Include="bullet3\src\BulletDynamics\ConstraintSolver\btGearConstraint.cpp">
      <Filter>bullet3\BulletDynamics\ConstraintSolver</Filter>
    </ClCompile>
    <ClCompile Include="bullet3\src\BulletDynamics\ConstraintSolver\btGeneric6DofConstraint.cpp">
      <Filter>bullet3\BulletDynamics\ConstraintSolver</Filter>
    </ClCompile>
    <ClCompile Include="bullet3\src\BulletDynamics\ConstraintSolver\btGeneric6DofSpring2Constraint.cpp">
      <Filter>bullet3\BulletDynamics\ConstraintSolver</Filter>
    </ClCompile>
    <ClCompile Include="bullet3\src\BulletDynamics\ConstraintSolver\btGeneric6DofSpringConstraint.cpp">
      <Filter>bullet3\BulletDynamics\ConstraintSolver</Filter>
    </ClCompile>
    <ClCompile Include="bullet3\src\BulletDynamics\ConstraintSolver\btHinge2Constraint.cpp">
      <Filter>bullet3\BulletDynamics\ConstraintSolver</Filter>
    </ClCompile>
    <ClCompile Include="bullet3\src\BulletDynamics\ConstraintSolver\btHingeConstraint.cpp">
      <Filter>bullet3\BulletDynamics\ConstraintSolver</Filter>
    </ClCompile>
    <ClCompile Include="bullet3\src\BulletDynamics\ConstraintSolver\btNNCGConstraintSolver.cpp">
      <Filter>bullet3\BulletDynamics\ConstraintSolver</Filter>
    </ClCompile>
    <ClCompile Include="bullet3\src\BulletDynamics\ConstraintSolver\btPoint2PointConstraint.cpp">
      <Filter>bullet3\BulletDynamics\ConstraintSolver</Filter>
    </ClCompile>
    <ClCompile Include="bullet3\src\BulletDynamics\ConstraintSolver\btSequentialImpulseConstraintSolver.cpp">
      <Filter>bullet3\BulletDynamics\ConstraintSolver</Filter>
    </ClCompile>
    <ClCompile Include="bullet3\src\BulletDynamics\ConstraintSolver\btSequentialImpulseConstraintSolverMt.cpp">
      <Filter>bullet3\BulletDynamics\ConstraintSolver</Filter>
    </ClCompile>
    <ClCompile Include="bullet3\src\BulletDynamics\ConstraintSolver\btSliderConstraint.cpp">
      <Filter>bullet3\BulletDynamics\ConstraintSolver</Filter>
    </ClCompile>
    <ClCompile Include="bullet3\src\BulletDynamics\ConstraintSolver\btSolve2LinearConstraint.cpp">
      <Filter>bullet3\BulletDynamics\ConstraintSolver</Filter>
    </ClCompile>
    <ClCompile Include="bullet3\src\BulletDynamics\ConstraintSolver\btTypedConstraint.cpp">
      <Filter>bullet3\BulletDynamics\ConstraintSolver</Filter>
    </ClCompile>
    <ClCompile Include="bullet3\src\BulletDynamics\ConstraintSolver\btUniversalConstraint.cpp">
      <Filter>bullet3\BulletDynamics\ConstraintSolver</Filter>
    </ClCompile>
    <ClCompile Include="bullet3\src\BulletDynamics\Dynamics\btDiscreteDynamicsWorld.cpp">
      <Filter>bullet3\BulletDynamics\Dynamics</Filter>
    </ClCompile>
    <ClCompile Include="bullet3\src\BulletDynamics\Dynamics\btDiscreteDynamicsWorldMt.cpp">
      <Filter>bullet3\BulletDynamics\Dynamics</Filter>
    </ClCompile>
    <ClCompile Include="bullet3\src\BulletDynamics\Dynamics\btRigidBody.cpp">
      <Filter>bullet3\BulletDynamics\Dynamics</Filter>
    </ClCompile>
    <ClCompile Include="bullet3\src\BulletDynamics\Dynamics\btSimpleDynamicsWorld.cpp">
      <Filter>bullet3\BulletDynamics\Dynamics</Filter>
    </ClCompile>
    <ClCompile Include="bullet3\src\BulletDynamics\Dynamics\btSimulationIslandManagerMt.cpp">
      <Filter>bullet3\BulletDynamics\Dynamics</Filter>
    </ClCompile>
    <ClCompile Include="bullet3\src\BulletDynamics\Featherstone\btMultiBody.cpp">
      <Filter>bullet3\BulletDynamics\Featherstone</Filter>
    </ClCompile>
    <ClCompile Include="bullet3\src\BulletDynamics\Featherstone\btMultiBodyConstraint.cpp">
      <Filter>bullet3\BulletDynamics\Featherstone</Filter>
    </ClCompile>
    <ClCompile Include="bullet3\src\BulletDynamics\Featherstone\btMultiBodyConstraintSolver.cpp">
      <Filter>bullet3\BulletDynamics\Featherstone</Filter>
    </ClCompile>
    <ClCompile Include="bullet3\src\BulletDynamics\Featherstone\btMultiBodyDynamicsWorld.cpp">
      <Filter>bullet3\BulletDynamics\Featherstone</Filter>
    </ClCompile>
    <ClCompile Include="bullet3\src\BulletDynamics\Featherstone\btMultiBodyFixedConstraint.cpp">
      <Filter>bullet3\BulletDynamics\Featherstone</Filter>
    </ClCompile>
    <ClCompile Include="bullet3\src\BulletDynamics\Featherstone\btMultiBodyGearConstraint.cpp">
      <Filter>bullet3\BulletDynamics\Featherstone</Filter>
    </ClCompile>
    <ClCompile Include="bullet3\src\BulletDynamics\Featherstone\btMultiBodyJointLimitConstraint.cpp">
      <Filter>bullet3\BulletDynamics\Featherstone</Filter>
    </ClCompile>
    <ClCompile Include="bullet3\src\BulletDynamics\Featherstone\btMultiBodyJointMotor.cpp">
      <Filter>bullet3\BulletDynamics\Featherstone</Filter>
    </ClCompile>
    <ClCompile Include="bullet3\src\BulletDynamics\Featherstone\btMultiBodyMLCPConstraintSolver.cpp">
      <Filter>bullet3\BulletDynamics\Featherstone</Filter>
    </ClCompile>
    <ClCompile Include="bullet3\src\BulletDynamics\Featherstone\btMultiBodyPoint2Point.cpp">
      <Filter>bullet3\BulletDynamics\Featherstone</Filter>
    </ClCompile>
    <ClCompile Include="bullet3\src\BulletDynamics\Featherstone\btMultiBodySliderConstraint.cpp">
      <Filter>bullet3\BulletDynamics\Featherstone</Filter>
    </ClCompile>
    <ClCompile Include="bullet3\src\BulletDynamics\Featherstone\btMultiBodySphericalJointLimit.cpp">
      <Filter>bullet3\BulletDynamics\Featherstone</Filter>
    </ClCompile>
    <ClCompile Include="bullet3\src\BulletDynamics\Featherstone\btMultiBodySphericalJointMotor.cpp">
      <Filter>bullet3\BulletDynamics\Featherstone</Filter>
    </ClCompile>
    <ClCompile Include="bullet3\src\BulletDynamics\MLCPSolvers\btDantzigLCP.cpp">
      <Filter>bullet3\BulletDynamics\MLCPSolvers</Filter>
    </ClCompile>
    <ClCompile Include="bullet3\src\BulletDynamics\MLCPSolvers\btLemkeAlgorithm.cpp">
      <Filter>bullet3\BulletDynamics\MLCPSolvers</Filter>
    </ClCompile>
    <ClCompile Include="bullet3\src\BulletDynamics\MLCPSolvers\btMLCPSolver.cpp">
      <Filter>bullet3\BulletDynamics\MLCPSolvers</Filter>
    </ClCompile>
    <ClCompile Include="bullet3\src\BulletDynamics\Vehicle\btRaycastVehicle.cpp">
      <Filter>bullet3\BulletDynamics\Vehicle</Filter>
    </ClCompile>
    <ClCompile Include="bullet3\src\BulletDynamics\Vehicle\btWheelInfo.cpp">
      <Filter>bullet3\BulletDynamics\Vehicle</Filter>
    </ClCompile>
  </ItemGroup>
  <ItemGroup>
    <Text Include="bullet3\src\LinearMath\CMakeLists.txt">
      <Filter>bullet3\LinearMath</Filter>
    </Text>
  </ItemGroup>
  <ItemGroup>
    <None Include="bullet3\src\LinearMath\premake4.lua">
      <Filter>bullet3\LinearMath</Filter>
    </None>
  </ItemGroup>
</Project>